
Microsoft Visual Studio Solution File, Format Version 12.00
# Visual Studio Version 16
VisualStudioVersion = 16.0.31624.102
MinimumVisualStudioVersion = 10.0.40219.1
Project("{FAE04EC0-301F-11D3-BF4B-00C04F79EFBC}") = "PFVentas", "PFVentas\PFVentas.csproj", "{9E3AE904-4DA2-4696-ABCB-4AA46275B10B}"
EndProject
Global
	GlobalSection(SolutionConfigurationPlatforms) = preSolution
		Debug|Any CPU = Debug|Any CPU
		Release|Any CPU = Release|Any CPU
	EndGlobalSection
	GlobalSection(ProjectConfigurationPlatforms) = postSolution
		{9E3AE904-4DA2-4696-ABCB-4AA46275B10B}.Debug|Any CPU.ActiveCfg = Debug|Any CPU
		{9E3AE904-4DA2-4696-ABCB-4AA46275B10B}.Debug|Any CPU.Build.0 = Debug|Any CPU
		{9E3AE904-4DA2-4696-ABCB-4AA46275B10B}.Release|Any CPU.ActiveCfg = Release|Any CPU
		{9E3AE904-4DA2-4696-ABCB-4AA46275B10B}.Release|Any CPU.Build.0 = Release|Any CPU
	EndGlobalSection
	GlobalSection(SolutionProperties) = preSolution
		HideSolutionNode = FALSE
	EndGlobalSection
	GlobalSection(ExtensibilityGlobals) = postSolution
		SolutionGuid = {990CD284-8C73-4A79-BB31-98877C6B7A23}
	EndGlobalSection
EndGlobal
